
Microsoft Visual Studio Solution File, Format Version 12.00
# Visual Studio Version 17
VisualStudioVersion = 17.13.35825.156
MinimumVisualStudioVersion = 10.0.40219.1
Project("{FAE04EC0-301F-11D3-BF4B-00C04F79EFBC}") = "PulsarInstaller", "PluginLoaderInstaller\PulsarInstaller.csproj", "{514FB12A-4582-42A2-BFA9-C7B96ACD6F52}"
EndProject
Project("{FAE04EC0-301F-11D3-BF4B-00C04F79EFBC}") = "VdfSharp", "VdfSharp\VdfSharp.csproj", "{FDFE8511-9190-45C1-8E32-C2AB7605C2A2}"
EndProject
Project("{FAE04EC0-301F-11D3-BF4B-00C04F79EFBC}") = "Shared", "..\Pulsar\Shared\Shared.csproj", "{351C080E-65CE-45E4-AD41-BCFF7D9B143C}"
EndProject
Global
	GlobalSection(SolutionConfigurationPlatforms) = preSolution
		Debug|Any CPU = Debug|Any CPU
		Release|Any CPU = Release|Any CPU
	EndGlobalSection
	GlobalSection(ProjectConfigurationPlatforms) = postSolution
		{514FB12A-4582-42A2-BFA9-C7B96ACD6F52}.Debug|Any CPU.ActiveCfg = Debug|Any CPU
		{514FB12A-4582-42A2-BFA9-C7B96ACD6F52}.Debug|Any CPU.Build.0 = Debug|Any CPU
		{514FB12A-4582-42A2-BFA9-C7B96ACD6F52}.Release|Any CPU.ActiveCfg = Release|Any CPU
		{514FB12A-4582-42A2-BFA9-C7B96ACD6F52}.Release|Any CPU.Build.0 = Release|Any CPU
		{FDFE8511-9190-45C1-8E32-C2AB7605C2A2}.Debug|Any CPU.ActiveCfg = Debug|Any CPU
		{FDFE8511-9190-45C1-8E32-C2AB7605C2A2}.Debug|Any CPU.Build.0 = Debug|Any CPU
		{FDFE8511-9190-45C1-8E32-C2AB7605C2A2}.Release|Any CPU.ActiveCfg = Release|Any CPU
		{FDFE8511-9190-45C1-8E32-C2AB7605C2A2}.Release|Any CPU.Build.0 = Release|Any CPU
		{351C080E-65CE-45E4-AD41-BCFF7D9B143C}.Debug|Any CPU.ActiveCfg = Debug|Any CPU
		{351C080E-65CE-45E4-AD41-BCFF7D9B143C}.Debug|Any CPU.Build.0 = Debug|Any CPU
		{351C080E-65CE-45E4-AD41-BCFF7D9B143C}.Release|Any CPU.ActiveCfg = Release|Any CPU
		{351C080E-65CE-45E4-AD41-BCFF7D9B143C}.Release|Any CPU.Build.0 = Release|Any CPU
	EndGlobalSection
	GlobalSection(SolutionProperties) = preSolution
		HideSolutionNode = FALSE
	EndGlobalSection
	GlobalSection(ExtensibilityGlobals) = postSolution
		SolutionGuid = {D1AAC144-D743-4621-81BE-95D33CB45BCD}
	EndGlobalSection
EndGlobal
